
Microsoft Visual Studio Solution File, Format Version 12.00
# Visual Studio Version 16
VisualStudioVersion = 16.0.28917.181
MinimumVisualStudioVersion = 10.0.40219.1
Project("{FAE04EC0-301F-11D3-BF4B-00C04F79EFBC}") = "ExercicioESII", "ExercicioESII.csproj", "{9C1AA66F-B706-478A-AFBF-FAF95AACC8CA}"
EndProject
Global
	GlobalSection(SolutionConfigurationPlatforms) = preSolution
		Debug|Any CPU = Debug|Any CPU
		Release|Any CPU = Release|Any CPU
	EndGlobalSection
	GlobalSection(ProjectConfigurationPlatforms) = postSolution
		{9C1AA66F-B706-478A-AFBF-FAF95AACC8CA}.Debug|Any CPU.ActiveCfg = Debug|Any CPU
		{9C1AA66F-B706-478A-AFBF-FAF95AACC8CA}.Debug|Any CPU.Build.0 = Debug|Any CPU
		{9C1AA66F-B706-478A-AFBF-FAF95AACC8CA}.Release|Any CPU.ActiveCfg = Release|Any CPU
		{9C1AA66F-B706-478A-AFBF-FAF95AACC8CA}.Release|Any CPU.Build.0 = Release|Any CPU
	EndGlobalSection
	GlobalSection(SolutionProperties) = preSolution
		HideSolutionNode = FALSE
	EndGlobalSection
	GlobalSection(ExtensibilityGlobals) = postSolution
		SolutionGuid = {8FD03398-E8F0-4F43-B93C-F011D93827FD}
	EndGlobalSection
EndGlobal
